
Microsoft Visual Studio Solution File, Format Version 12.00
# Visual Studio Version 16
VisualStudioVersion = 16.0.30011.22
MinimumVisualStudioVersion = 10.0.40219.1
Project("{D2ABAB84-BF74-430A-B69E-9DC6D40DDA17}") = "SSAS_SBI_Pozniak", "SSAS_SBI_Pozniak.dwproj", "{C46DA380-CA53-453C-9D1F-A566389FC8CA}"
EndProject
Global
	GlobalSection(SolutionConfigurationPlatforms) = preSolution
		Development|Default = Development|Default
	EndGlobalSection
	GlobalSection(ProjectConfigurationPlatforms) = postSolution
		{C46DA380-CA53-453C-9D1F-A566389FC8CA}.Development|Default.ActiveCfg = Development
		{C46DA380-CA53-453C-9D1F-A566389FC8CA}.Development|Default.Build.0 = Development
		{C46DA380-CA53-453C-9D1F-A566389FC8CA}.Development|Default.Deploy.0 = Development
	EndGlobalSection
	GlobalSection(SolutionProperties) = preSolution
		HideSolutionNode = FALSE
	EndGlobalSection
	GlobalSection(ExtensibilityGlobals) = postSolution
		SolutionGuid = {FFAB99E9-600C-407A-94EF-AA0A701E525C}
	EndGlobalSection
EndGlobal
